{
    "_meta": {
        "hash": {
            "sha256": "7553f27fba988aa5df09b25fd5f5d1565e34f44706f7bc953f32323f67062923"
        },
        "pipfile-spec": 6,
        "requires": {
            "python_version": "3.10"
        },
        "sources": [
            {
                "name": "pypi",
                "url": "https://pypi.org/simple",
                "verify_ssl": true
            }
        ]
    },
    "default": {
        "asn1crypto": {
            "hashes": [
                "sha256:13ae38502be632115abf8a24cbe5f4da52e3b5231990aff31123c805306ccb9c",
                "sha256:db4e40728b728508912cbb3d44f19ce188f218e9eba635821bb4b68564f8fd67"
            ],
            "version": "==1.5.1"
        },
        "attrs": {
            "hashes": [
                "sha256:2d27e3784d7a565d36ab851fe94887c5eccd6a463168875832a1be79c82828b4",
                "sha256:626ba8234211db98e869df76230a137c4c40a12d72445c45d5f5b716f076e2fd"
            ],
            "index": "pypi",
            "markers": "python_version >= '2.7' and python_version not in '3.0, 3.1, 3.2, 3.3, 3.4'",
            "version": "==21.4.0"
        },
        "cffi": {
            "hashes": [
                "sha256:00c878c90cb53ccfaae6b8bc18ad05d2036553e6d9d1d9dbcf323bbe83854ca3",
                "sha256:0104fb5ae2391d46a4cb082abdd5c69ea4eab79d8d44eaaf79f1b1fd806ee4c2",
                "sha256:06c48159c1abed75c2e721b1715c379fa3200c7784271b3c46df01383b593636",
                "sha256:0808014eb713677ec1292301ea4c81ad277b6cdf2fdd90fd540af98c0b101d20",
                "sha256:10dffb601ccfb65262a27233ac273d552ddc4d8ae1bf93b21c94b8511bffe728",
                "sha256:14cd121ea63ecdae71efa69c15c5543a4b5fbcd0bbe2aad864baca0063cecf27",
                "sha256:17771976e82e9f94976180f76468546834d22a7cc404b17c22df2a2c81db0c66",
                "sha256:181dee03b1170ff1969489acf1c26533710231c58f95534e3edac87fff06c443",
                "sha256:23cfe892bd5dd8941608f93348c0737e369e51c100d03718f108bf1add7bd6d0",
                "sha256:263cc3d821c4ab2213cbe8cd8b355a7f72a8324577dc865ef98487c1aeee2bc7",
                "sha256:2756c88cbb94231c7a147402476be2c4df2f6078099a6f4a480d239a8817ae39",
                "sha256:27c219baf94952ae9d50ec19651a687b826792055353d07648a5695413e0c605",
                "sha256:2a23af14f408d53d5e6cd4e3d9a24ff9e05906ad574822a10563efcef137979a",
                "sha256:31fb708d9d7c3f49a60f04cf5b119aeefe5644daba1cd2a0fe389b674fd1de37",
                "sha256:3415c89f9204ee60cd09b235810be700e993e343a408693e80ce7f6a40108029",
                "sha256:3773c4d81e6e818df2efbc7dd77325ca0dcb688116050fb2b3011218eda36139",
                "sha256:3b96a311ac60a3f6be21d2572e46ce67f09abcf4d09344c49274eb9e0bf345fc",
                "sha256:3f7d084648d77af029acb79a0ff49a0ad7e9d09057a9bf46596dac9514dc07df",
                "sha256:41d45de54cd277a7878919867c0f08b0cf817605e4eb94093e7516505d3c8d14",
                "sha256:4238e6dab5d6a8ba812de994bbb0a79bddbdf80994e4ce802b6f6f3142fcc880",
                "sha256:45db3a33139e9c8f7c09234b5784a5e33d31fd6907800b316decad50af323ff2",
                "sha256:45e8636704eacc432a206ac7345a5d3d2c62d95a507ec70d62f23cd91770482a",
                "sha256:4958391dbd6249d7ad855b9ca88fae690783a6be9e86df65865058ed81fc860e",
                "sha256:4a306fa632e8f0928956a41fa8e1d6243c71e7eb59ffbd165fc0b41e316b2474",
                "sha256:57e9ac9ccc3101fac9d6014fba037473e4358ef4e89f8e181f8951a2c0162024",
                "sha256:59888172256cac5629e60e72e86598027aca6bf01fa2465bdb676d37636573e8",
                "sha256:5e069f72d497312b24fcc02073d70cb989045d1c91cbd53979366077959933e0",
                "sha256:64d4ec9f448dfe041705426000cc13e34e6e5bb13736e9fd62e34a0b0c41566e",
                "sha256:6dc2737a3674b3e344847c8686cf29e500584ccad76204efea14f451d4cc669a",
                "sha256:74fdfdbfdc48d3f47148976f49fab3251e550a8720bebc99bf1483f5bfb5db3e",
                "sha256:75e4024375654472cc27e91cbe9eaa08567f7fbdf822638be2814ce059f58032",
                "sha256:786902fb9ba7433aae840e0ed609f45c7bcd4e225ebb9c753aa39725bb3e6ad6",
                "sha256:8b6c2ea03845c9f501ed1313e78de148cd3f6cad741a75d43a29b43da27f2e1e",
                "sha256:91d77d2a782be4274da750752bb1650a97bfd8f291022b379bb8e01c66b4e96b",
                "sha256:91ec59c33514b7c7559a6acda53bbfe1b283949c34fe7440bcf917f96ac0723e",
                "sha256:920f0d66a896c2d99f0adbb391f990a84091179542c205fa53ce5787aff87954",
                "sha256:a5263e363c27b653a90078143adb3d076c1a748ec9ecc78ea2fb916f9b861962",
                "sha256:abb9a20a72ac4e0fdb50dae135ba5e77880518e742077ced47eb1499e29a443c",
                "sha256:c2051981a968d7de9dd2d7b87bcb9c939c74a34626a6e2f8181455dd49ed69e4",
                "sha256:c21c9e3896c23007803a875460fb786118f0cdd4434359577ea25eb556e34c55",
                "sha256:c2502a1a03b6312837279c8c1bd3ebedf6c12c4228ddbad40912d671ccc8a962",
                "sha256:d4d692a89c5cf08a8557fdeb329b82e7bf609aadfaed6c0d79f5a449a3c7c023",
                "sha256:da5db4e883f1ce37f55c667e5c0de439df76ac4cb55964655906306918e7363c",
                "sha256:e7022a66d9b55e93e1a845d8c9eba2a1bebd4966cd8bfc25d9cd07d515b33fa6",
                "sha256:ef1f279350da2c586a69d32fc8733092fd32cc8ac95139a00377841f59a3f8d8",
                "sha256:f54a64f8b0c8ff0b64d18aa76675262e1700f3995182267998c31ae974fbc382",
                "sha256:f5c7150ad32ba43a07c4479f40241756145a1f03b43480e058cfd862bf5041c7",
                "sha256:f6f824dc3bce0edab5f427efcfb1d63ee75b6fcb7282900ccaf925be84efb0fc",
                "sha256:fd8a250edc26254fe5b33be00402e6d287f562b6a5b2152dec302fa15bb3e997",
                "sha256:ffaa5c925128e29efbde7301d8ecaf35c8c60ffbcd6a1ffd3a552177c8e5e796"
            ],
            "index": "pypi",
            "version": "==1.15.0"
        },
        "coincurve": {
            "hashes": [
                "sha256:0a07a80843094c4c1e80a39e3b2525f5fd165804226f556d564b6db513850979",
                "sha256:0df23cba832bea28bc0f35176b2aaa7585cc85decce9560b79ec4991d49e0901",
                "sha256:1106efb37d8209690a56d3e25acf2bf76adec692fb13cd4574544e2644220f6d",
                "sha256:14824fe05f032052f9c028ed820ee542d284f0e056af3258b8fbbd2faa832a47",
                "sha256:1621b1fdc5740caa27ce6c670c7134dfb471d0a430c6a62c6891cc40b5479951",
                "sha256:166bd6ed3d3f3323f8f2bbada3840fde7a5e21790c33b510e666b81bebcf3b5e",
                "sha256:1a8feb5b943fdd2520bcd77fde25101f20a8309a069a5d2e9648fc5156e05e0e",
                "sha256:29e4e57996a12cf2a410cf61759917fdb0177a7bcf1a8ab5c8888c9da8d9a26c",
                "sha256:3470d6529abc00bb6810ed05e1dd371b32a9679fa0f26d4d2fdd60784a9652cf",
                "sha256:400ba504e6ab40ef906b93440866da962a956e3edd17afbc6c493a85a34740bc",
                "sha256:43b1e975b83390b9f3e18b9b0ef00465a069328b9c32645201414fd8abb409fb",
                "sha256:4d9d1cb54c36dfd22539bb6aeea6a6135ea34e6b84c183272a4dbcd5cf5055d4",
                "sha256:4df9498894b6f3a19c5507cfe8bd945a261390bc687b9ed12c1f4671123eb172",
                "sha256:5a1448dacd1a79b7c6a5e0fee49268cbf8330c2971b9577b03a0315dd40f278e",
                "sha256:5d432ae55989ab4993e8aa5b888958347a947b9d61887fc5072b265329a3648f",
                "sha256:5d4ae85e6125a65d38b5c0e1d1e9025ba39b49550703a07eb35efa5c41c18e56",
                "sha256:5ed6cc2844e88efd03f30bae00f9114624f813f9460585aa3d57cecad197736a",
                "sha256:659b77c9c8e81c35b72c3b1c1759590ed0a7f74674efb2baa9da933f3788e7f6",
                "sha256:7eda756fe9e026436eeb98d739b378a739f80c1cc99c77f00d3c91aed0908ff4",
                "sha256:7ffc693dde858c30ac295c261799007ddc6bf92f3b2afbfefd61b1dd42e2199f",
                "sha256:8618c7b9fdca0f91808db1c5cbe5b8c583b7a1d24504fe9bb50f878e265118ca",
                "sha256:8cc73c0b7903b669cc94b0775d588e13ce06df496032cc91bdeb77d79f633e07",
                "sha256:8dea0e00245fd9a4f5a83c25a691a6a4651a6d20f4b63e18da5be98d47a96897",
                "sha256:9539c1736812fc09cbe6b0471e90f7ffd947688705832360299e97c3dab917ae",
                "sha256:9a43b256344398fe27240ff1c740057b1f62b4ccfbdc01580258f54d1f82b5d8",
                "sha256:9b87cb82ce8b62f56643696f344d0ca4bf0835b72be2fa874473a889d4a263da",
                "sha256:a06789f710541a4370bfca5eb21a8e73b0f1ab2ecf5a0bab0837223f7929d28c",
                "sha256:a8edec78e126e106d0e1a0a052c40a77a135225fce46a56110a73f08275ed266",
                "sha256:aa427eb103d370175604e628cc3c6dca90a4f3c7801914985f1500c1267b3b52",
                "sha256:ae7548e8be34bc595959933ae3f29ad7a63f1d35207d3e11cbc76e6c7484190c",
                "sha256:b29aa4b890066b89be2cd8f1a176a872ad79893a649d6a09b34365eae905aba5",
                "sha256:b7ad945429c86de2f861e4042bc8996bad80814ecd7984e81fc461258d61c46a",
                "sha256:bedf752706ce8b1fa6960d9294db24db76e28343dd0831ba8f435cfac4af973b",
                "sha256:c45b3ce930ed4a9ba8690a313494fc9f05e3f313b080bf1d1695f2f7076ca016",
                "sha256:c7fa11335c8518eead358c3bcfb9a66f53ce36f1bcfb4393a621207f1bcfda4f",
                "sha256:c981c7cf967937c66a537a2f4ae6839189dbc28933a2b737910385788dd4d00c",
                "sha256:cae66a1fa69c07cdce05f315830c2ea86528724a96507848b820ada029ac05e9",
                "sha256:d0f07d9ab46d7b6178d8ae4ca94ca64ef81abfc3f4042f3b133dbef2acace2a9",
                "sha256:d24dc141d15fd3dd75b114572556fe186106a0f5922ed9585cf6ae8323cd1de8",
                "sha256:d7969af60e7d2a58cf5280bfc7cac16cdb52a7f7c2e57e94c40807691e96035b",
                "sha256:df1888a1f268275c84ce2245d1e6fe73e0135ecc3295ab69c736c1ded0373d8d",
                "sha256:e8bfb4091c796085f3d14c946aa34e767a3c947ba5da9bdaa400126ca89c8499",
                "sha256:e9fbbd29be70ebc6a9a3acd48a39cbe421ab0f4074654caef6a8ef465252433a",
                "sha256:f73e9f08d9da0bdacc0b4b82216ef1db3d9b37d7a69ada9b8a4e6ade665c6ade",
                "sha256:fbe60c5e79dd47bbe91e096ad21c5c37e59361f1726913d2dda59680f2f111f0"
            ],
            "index": "pypi",
            "markers": "python_version >= '3.6'",
            "version": "==16.0.0"
        },
        "colorama": {
            "hashes": [
                "sha256:5941b2b48a20143d2267e95b1c2a7603ce057ee39fd88e7329b0c292aa16869b",
                "sha256:9f47eda37229f68eee03b24b9748937c7dc3868f906e8ba69fbcbdd3bc5dc3e2"
            ],
            "index": "pypi",
            "markers": "python_version >= '2.7' and python_version not in '3.0, 3.1, 3.2, 3.3, 3.4'",
            "version": "==0.4.4"
        },
        "cytoolz": {
            "hashes": [
                "sha256:01cfb8518828c1189200c02a5010ea404407fb18fd5589e29c126e84bbeadd36",
                "sha256:04afa90d9d9d18394c40d9bed48c51433d08b57c042e0e50c8c0f9799735dcbd",
                "sha256:08a438701c6141dd34eaf92e9e9a1f66e23a22f7840ef8a371eba274477de85d",
                "sha256:0a79d72b08048a0980a59457c239555f111ac0c8bdc140c91a025f124104dbb4",
                "sha256:0ba1cbc4d9cd7571c917f88f4a069568e5121646eb5d82b2393b2cf84712cf2a",
                "sha256:0cf1e1e96dd86829a0539baf514a9c8473a58fbb415f92401a68e8e52a34ecd5",
                "sha256:0d8edfbc694af6c9bda4db56643fb8ed3d14e47bec358c2f1417de9a12d6d1fb",
                "sha256:0e9199c9e3fbf380a92b8042c677eb9e7ed4bccb126de5e9c0d26f5888d96788",
                "sha256:0fbad1fb9bb47e827d00e01992a099b0ba79facf5e5aa453be066033232ac4b5",
                "sha256:131ff4820e5d64a25d7ad3c3556f2d8aa65c66b3f021b03f8a8e98e4180dd808",
                "sha256:1651a9bd591a8326329ce1d6336f3129161a36d7061a4d5ea9e5377e033364cf",
                "sha256:18cd61e078bd6bffe088e40f1ed02001387c29174750abce79499d26fa57f5eb",
                "sha256:1c18e351956f70db9e2d04ff02f28e9a41839250d3f936a4c8a1eabd1c3094d2",
                "sha256:1dd70141b32b717696a72b8876e86bc9c6f8eff995c1808e299db3541213ff82",
                "sha256:1f501ae1353071fa5d6677437bbeb1aeb5622067dce0977cedc2c5ec5843b202",
                "sha256:20d36430d8ac809186736fda735ee7d595b6242bdb35f69b598ef809ebfa5605",
                "sha256:27513a5d5b6624372d63313574381d3217a66e7a2626b056c695179623a5cb1a",
                "sha256:2905fdccacc64b4beba37f95cab9d792289c80f4d70830b70de2fc66c007ec01",
                "sha256:2c6dd75dae3d84fa8988861ab8b1189d2488cb8a9b8653828f9cd6126b5e7abd",
                "sha256:33c63186f3bf9d7ef1347bc0537bb9a0b4111a0d7d6e619623cabc18fef0dc3b",
                "sha256:37441bf4a2a4e2e0fe9c3b0ea5e72db352f5cca03903977ffc42f6f6c5467be9",
                "sha256:3ac4f2fb38bbc67ff1875b7d2f0f162a247f43bd28eb7c9d15e6175a982e558d",
                "sha256:4503dc59f4ced53a54643272c61dc305d1dbbfbd7d6bdf296948de9f34c3a282",
                "sha256:456395d7aec01db32bf9e6db191d667347c78d8d48e77234521fa1078f60dabb",
                "sha256:46f505d4c6eb79585c8ad0b9dc140ef30a138c880e4e3b40230d642690e36366",
                "sha256:47feb089506fc66e1593cd9ade3945693a9d089a445fbe9a11385cab200b9f22",
                "sha256:4fba0616fcd487e34b8beec1ad9911d192c62e758baa12fcb44448b9b6feae22",
                "sha256:534fa66db8564d9b13872d81d54b6b09ae592c585eb826aac235bd6f1830f8ad",
                "sha256:55f9bd1ae6c2a27eda5abe2a0b65a83029d2385c5a1da7b8ef47af5905d7e905",
                "sha256:56f899758146a52e2f8cfb3fb6f4ca19c1e5814178c3d584de35f9e4d7166d91",
                "sha256:581f1ce479769fe7eeb9ae6d87eadb230df8c7c5fff32138162cdd99d7fb8fc3",
                "sha256:582c22f97a380211fb36a7b65b1beeb84ea11d82015fa84b054be78580390082",
                "sha256:59276021619b432a5c21c01cda8320b9cc7dbc40351ffc478b440bfccd5bbdd3",
                "sha256:59b19223e7f7bd7a73ec3aa6fdfb73b579ff09c2bc0b7d26857eec2d01a58c76",
                "sha256:6986632d8a969ea1e720990c818dace1a24c11015fd7c59b9fea0b65ef71f726",
                "sha256:6c2875bcd1397d0627a09a4f9172fa513185ad302c63758efc15b8eb33cc2a98",
                "sha256:6d3bfe45173cc8e6c76206be3a916d8bfd2214fb2965563e288088012f1dabfc",
                "sha256:6f6e8207d732651e0204779e1ba5a4925c93081834570411f959b80681f8d333",
                "sha256:71b6eb97f6695f7ba8ce69c49b707a351c5f46fd97f5aeb5f6f2fb0d6e72b887",
                "sha256:727b01a2004ddb513496507a695e19b5c0cfebcdfcc68349d3efd92a1c297bf4",
                "sha256:765b8381d4003ceb1a07896a854eee2c31ebc950a4ae17d1e7a17c2a8feb2a68",
                "sha256:780c06110f383344d537f48d9010d79fa4f75070d214fc47f389357dd4f010b6",
                "sha256:7ad1331cb68afeec58469c31d944a2100cee14eac221553f0d5218ace1a0b25d",
                "sha256:7d267ffc9a36c0a9a58c7e0adc9fa82620f22e4a72533e15dd1361f57fc9accf",
                "sha256:800f0526adf9e53d3c6acda748f4def1f048adaa780752f154da5cf22aa488a2",
                "sha256:8119bf5961091cfe644784d0bae214e273b3b3a479f93ee3baab97bbd995ccfe",
                "sha256:8587c3c3dbe78af90c5025288766ac10dc2240c1e76eb0a93a4e244c265ccefd",
                "sha256:86923d823bd19ce35805953b018d436f6b862edd6a7c8b747a13d52b39ed5716",
                "sha256:8893223b87c2782bd59f9c4bd5c7bf733edd8728b523c93efb91d7468b486528",
                "sha256:8e21932d6d260996f7109f2a40b2586070cb0a0cf1d65781e156326d5ebcc329",
                "sha256:921e6d2440ac758c4945c587b1d1d9b781b72737ac0c0ca5d5e02ca1db8bded2",
                "sha256:92b6f43f086e5a965d33d62a145ae121b4ccb6e0789ac0acc895ce084fec8c65",
                "sha256:92c53d508fb8a4463acc85b322fa24734efdc66933a5c8661bdc862103a3373d",
                "sha256:95e878868a172a41fbf6c505a4b967309e6870e22adc7b1c3b19653d062711fa",
                "sha256:96a5a0292575c3697121f97cc605baf2fd125120c7dcdf39edd1a135798482ca",
                "sha256:96c715404a3825e37fe3966fe84c5f8a1f036e7640b2a02dbed96cac0c933451",
                "sha256:99462abd8323c52204a2a0ce62454ce8fa0f4e94b9af397945c12830de73f27e",
                "sha256:9bac0adffc1b6b6a4c5f1fd1dd2161afb720bcc771a91016dc6bdba59af0a5d3",
                "sha256:9e04d22049233394e0b08193aca9737200b4a2afa28659d957327aa780ddddf2",
                "sha256:9e45803d9e75ef90a2f859ef8f7f77614730f4a8ce1b9244375734567299d239",
                "sha256:9eef0d23035fa4dcfa21e570961e86c375153a7ee605cdd11a8b088c24f707f6",
                "sha256:a1445c91009eb775d479e88954c51d0b4cf9a1e8ce3c503c2672d17252882647",
                "sha256:a3e61acfd029bfb81c2c596249b508dfd2b4f72e31b7b53b62e5fb0507dd7293",
                "sha256:a447247ed312dd64e3a8d9483841ecc5338ee26d6e6fbd29cd373ed030db0240",
                "sha256:a7fde09384d23048a7b4ac889063761e44b89a0b64015393e2d1d21d5c1f534a",
                "sha256:a83f4532707963ae1a5108e51fdfe1278cc8724e3301fee48b9e73e1316de64f",
                "sha256:b4a52dd2a36b0a91f7aa50ca6c8509057acc481a24255f6cb07b15d339a34e0f",
                "sha256:b76f2f50a789c44d6fd7f773ec43d2a8686781cd52236da03f7f7d7998989bee",
                "sha256:ba3f843aa89f35467b38c398ae5b980a824fdbdb94065adc6ec7c47a0a22f4c7",
                "sha256:ba9002d2f043943744a9dc8e50a47362bcb6e6f360dc0a1abcb19642584d87bb",
                "sha256:bbe58e26c84b163beba0fbeacf6b065feabc8f75c6d3fe305550d33f24a2d346",
                "sha256:be6feb903d2a08a4ba2e70e950e862fd3be9be9a588b7c38cee4728150a52918",
                "sha256:bfa3f8e01bc423a933f2e1c510cbb0632c6787865b5242857cc955cae220d1bf",
                "sha256:c51b66ada9bfdb88cf711bf350fcc46f82b83a4683cf2413e633c31a64df6201",
                "sha256:c64f8e60c1dd69e4d5e615481f2d57937746f4a6be2d0f86e9e7e3b9e2243b5e",
                "sha256:c6b6f11b0d7ed91be53166aeef2a23a799e636625675bb30818f47f41ad31821",
                "sha256:c835eab01466cb67d0ce6290601ebef2d82d8d0d0a285ed0d6e46989e4a7a71a",
                "sha256:ca6a9a9300d5bda417d9090107c6d2b007683efc59d63cc09aca0e7930a08a85",
                "sha256:caf07a97b5220e6334dd32c8b6d8b2bd255ca694eca5dfe914bb5b880ee66cdb",
                "sha256:cd88028bb897fba99ddd84f253ca6bef73ecb7bdf3f3cf25bc493f8f97d3c7c5",
                "sha256:cee3de65584e915053412cd178729ff510ad5f8f585c21c5890e91028283518f",
                "sha256:d028044524ee2e815f36210a793c414551b689d4f4eda28f8bbb0883ad78bf5f",
                "sha256:d0976a3fcb81d065473173e9005848218ce03ddb2ec7d40dd6a8d2dba7f1c3ae",
                "sha256:d294e5e81ff094fe920fd545052ff30838ea49f9e91227a55ecd9f3ca19774a0",
                "sha256:d2d271393c378282727f1231d40391ae93b93ddc0997448acc21dd0cb6a1e56d",
                "sha256:d9a38332cfad2a91e89405b7c18b3f00e2edc951c225accbc217597d3e4e9fde",
                "sha256:da125221b1fa25c690fcd030a54344cecec80074df018d906fc6a99f46c1e3a6",
                "sha256:dc1ca9c610425f9854323669a671fc163300b873731584e258975adf50931164",
                "sha256:dd728f4e6051af6af234651df49319da1d813f47894d4c3c8ab7455e01703a37",
                "sha256:de74ef266e2679c3bf8b5fc20cee4fc0271ba13ae0d9097b1491c7a9bcadb389",
                "sha256:e44f4c25e1e7cf6149b499c74945a14649c8866d36371a2c2d2164e4649e7755",
                "sha256:e4d2961644153c5ae186db964aa9f6109da81b12df0f1d3494b4e5cf2c332ee2",
                "sha256:e70d9c615e5c9dc10d279d1e32e846085fe1fd6f08d623ddd059a92861f4e3dd",
                "sha256:ec9be3e4b6f86ea8b294d34c990c99d2ba6c526ef1e8f46f1d52c263d4f32cd7",
                "sha256:ed0cfb9326747759e2ad81cb6e45f20086a273b67ac3a4c00b19efcbab007c60",
                "sha256:ee98968d6a66ee83a8ceabf31182189ab5d8598998c8ce69b6d5843daeb2db60",
                "sha256:f04037302049cb30033f7fa4e1d0e44afe35ed6bfcf9b380fc11f2a27d3ed697",
                "sha256:f1ebe23028eac51251f22ba01dba6587d30aa9c320372ca0c14eeab67118ec3f",
                "sha256:f37b60e66378e7a116931d7220f5352186abfcc950d64856038aa2c01944929c",
                "sha256:f702e295dddef5f8af4a456db93f114539b8dc2a7a9bc4de7c7e41d169aa6ec3",
                "sha256:fdddb9d988405f24035234f1e8d1653ab2e48cc2404226d21b49a129aefd1d25",
                "sha256:fe1e1779a39dbe83f13886d2b4b02f8c4b10755e3c8d9a89b630395f49f4f406",
                "sha256:fe8c6267caa7ec67bcc37e360f0d8a26bc3bdce510b15b97f2f2e0143bdd3673",
                "sha256:fea649f979def23150680de1bd1d09682da3b54932800a0f90f29fc2a6c98ba8"
            ],
            "markers": "implementation_name == 'cpython'",
            "version": "==0.12.3"
        },
        "eth-abi": {
            "hashes": [
                "sha256:4bb1d87bb6605823379b07f6c02c8af45df01a27cc85bd6abb7cf1446ce7d188",
                "sha256:78df5d2758247a8f0766a7cfcea4575bcfe568c34a33e6d05a72c328a9040444"
            ],
            "index": "pypi",
            "markers": "python_version >= '3.6' and python_version < '4'",
            "version": "==2.1.1"
        },
        "eth-hash": {
            "hashes": [
                "sha256:3c884e4f788b38cc92cff05c4e43bc6b82686066f04ecfae0e11cdcbe5a283bd",
                "sha256:8cde211519ff1a98b46e9057cb909f12ab62e263eb30a0a94e2f7e1f46ac67a0"
            ],
            "markers": "python_version >= '3.5' and python_version < '4'",
            "version": "==0.3.3"
        },
        "eth-typing": {
            "hashes": [
                "sha256:39cce97f401f082739b19258dfa3355101c64390914c73fe2b90012f443e0dc7",
                "sha256:b7fa58635c1cb0cbf538b2f5f1e66139575ea4853eac1d6000f0961a4b277422"
            ],
            "markers": "python_version >= '3.5' and python_version < '4'",
            "version": "==2.3.0"
        },
        "eth-utils": {
            "hashes": [
                "sha256:74240a8c6f652d085ed3c85f5f1654203d2f10ff9062f83b3bad0a12ff321c7a",
                "sha256:bf82762a46978714190b0370265a7148c954d3f0adaa31c6f085ea375e4c61af"
            ],
            "index": "pypi",
            "markers": "python_version >= '3.5' and python_version < '4' and python_full_version != '3.5.2'",
            "version": "==1.10.0"
        },
        "execnet": {
            "hashes": [
                "sha256:8f694f3ba9cc92cab508b152dcfe322153975c29bda272e2fd7f3f00f36e47c5",
                "sha256:a295f7cc774947aac58dde7fdc85f4aa00c42adf5d8f5468fc630c1acf30a142"
            ],
            "index": "pypi",
            "markers": "python_version >= '2.7' and python_version not in '3.0, 3.1, 3.2, 3.3, 3.4'",
            "version": "==1.9.0"
        },
        "future-fstrings": {
            "hashes": [
                "sha256:6cf41cbe97c398ab5a81168ce0dbb8ad95862d3caf23c21e4430627b90844089",
                "sha256:90e49598b553d8746c4dc7d9442e0359d038c3039d802c91c0a55505da318c63"
            ],
            "index": "pypi",
            "markers": "python_version >= '2.7' and python_version not in '3.0, 3.1, 3.2, 3.3'",
            "version": "==1.2.0"
        },
        "iniconfig": {
            "hashes": [
                "sha256:011e24c64b7f47f6ebd835bb12a743f2fbe9a26d4cecaa7f53bc4f35ee9da8b3",
                "sha256:bc3af051d7d14b2ee5ef9969666def0cd1a000e121eaea580d4a313df4b37f32"
            ],
            "index": "pypi",
            "version": "==1.1.1"
        },
        "msgpack": {
            "hashes": [
                "sha256:0d8c332f53ffff01953ad25131272506500b14750c1d0ce8614b17d098252fbc",
                "sha256:1c58cdec1cb5fcea8c2f1771d7b5fec79307d056874f746690bd2bdd609ab147",
                "sha256:2c3ca57c96c8e69c1a0d2926a6acf2d9a522b41dc4253a8945c4c6cd4981a4e3",
                "sha256:2f30dd0dc4dfe6231ad253b6f9f7128ac3202ae49edd3f10d311adc358772dba",
                "sha256:2f97c0f35b3b096a330bb4a1a9247d0bd7e1f3a2eba7ab69795501504b1c2c39",
                "sha256:36a64a10b16c2ab31dcd5f32d9787ed41fe68ab23dd66957ca2826c7f10d0b85",
                "sha256:3d875631ecab42f65f9dce6f55ce6d736696ced240f2634633188de2f5f21af9",
                "sha256:40fb89b4625d12d6027a19f4df18a4de5c64f6f3314325049f219683e07e678a",
                "sha256:47d733a15ade190540c703de209ffbc42a3367600421b62ac0c09fde594da6ec",
                "sha256:494471d65b25a8751d19c83f1a482fd411d7ca7a3b9e17d25980a74075ba0e88",
                "sha256:51fdc7fb93615286428ee7758cecc2f374d5ff363bdd884c7ea622a7a327a81e",
                "sha256:6eef0cf8db3857b2b556213d97dd82de76e28a6524853a9beb3264983391dc1a",
                "sha256:6f4c22717c74d44bcd7af353024ce71c6b55346dad5e2cc1ddc17ce8c4507c6b",
                "sha256:73a80bd6eb6bcb338c1ec0da273f87420829c266379c8c82fa14c23fb586cfa1",
                "sha256:89908aea5f46ee1474cc37fbc146677f8529ac99201bc2faf4ef8edc023c2bf3",
                "sha256:8a3a5c4b16e9d0edb823fe54b59b5660cc8d4782d7bf2c214cb4b91a1940a8ef",
                "sha256:96acc674bb9c9be63fa8b6dabc3248fdc575c4adc005c440ad02f87ca7edd079",
                "sha256:973ad69fd7e31159eae8f580f3f707b718b61141838321c6fa4d891c4a2cca52",
                "sha256:9b6f2d714c506e79cbead331de9aae6837c8dd36190d02da74cb409b36162e8a",
                "sha256:9c0903bd93cbd34653dd63bbfcb99d7539c372795201f39d16fdfde4418de43a",
                "sha256:9fce00156e79af37bb6db4e7587b30d11e7ac6a02cb5bac387f023808cd7d7f4",
                "sha256:a598d0685e4ae07a0672b59792d2cc767d09d7a7f39fd9bd37ff84e060b1a996",
                "sha256:b0a792c091bac433dfe0a70ac17fc2087d4595ab835b47b89defc8bbabcf5c73",
                "sha256:bb87f23ae7d14b7b3c21009c4b1705ec107cb21ee71975992f6aca571fb4a42a",
                "sha256:bf1e6bfed4860d72106f4e0a1ab519546982b45689937b40257cfd820650b920",
                "sha256:c1ba333b4024c17c7591f0f372e2daa3c31db495a9b2af3cf664aef3c14354f7",
                "sha256:c2140cf7a3ec475ef0938edb6eb363fa704159e0bf71dde15d953bacc1cf9d7d",
                "sha256:c7e03b06f2982aa98d4ddd082a210c3db200471da523f9ac197f2828e80e7770",
                "sha256:d02cea2252abc3756b2ac31f781f7a98e89ff9759b2e7450a1c7a0d13302ff50",
                "sha256:da24375ab4c50e5b7486c115a3198d207954fe10aaa5708f7b65105df09109b2",
                "sha256:e4c309a68cb5d6bbd0c50d5c71a25ae81f268c2dc675c6f4ea8ab2feec2ac4e2",
                "sha256:f01b26c2290cbd74316990ba84a14ac3d599af9cebefc543d241a66e785cf17d",
                "sha256:f201d34dc89342fabb2a10ed7c9a9aaaed9b7af0f16a5923f1ae562b31258dea",
                "sha256:f74da1e5fcf20ade12c6bf1baa17a2dc3604958922de8dc83cbe3eff22e8b611"
            ],
            "index": "pypi",
            "version": "==1.0.3"
        },
        "networkx": {
            "hashes": [
                "sha256:0c127d8b2f4865f59ae9cb8aafcd60b5c70f3241ebd66f7defad7c4ab90126c9",
                "sha256:28575580c6ebdaf4505b22c6256a2b9de86b316dc63ba9e93abde3d78dfdbcf2"
            ],
            "markers": "python_version >= '3.10'",
            "version": "==3.3"
        },
        "packaging": {
            "hashes": [
                "sha256:026ed72c8ed3fcce5bf8950572258698927fd1dbda10a5e981cdf0ac37f4f002",
                "sha256:5b8f2217dbdbd2f7f384c41c628544e6d52f2d0f53c6d0c3ea61aa5d1d7ff124"
            ],
            "markers": "python_version >= '3.8'",
            "version": "==24.1"
        },
        "parsimonious": {
            "hashes": [
                "sha256:3add338892d580e0cb3b1a39e4a1b427ff9f687858fdd61097053742391a9f6b"
            ],
            "version": "==0.8.1"
        },
        "pluggy": {
            "hashes": [
                "sha256:4224373bacce55f955a878bf9cfa763c1e360858e330072059e10bad68531159",
                "sha256:74134bbf457f031a36d68416e1509f34bd5ccc019f0bcc952c7b909d06b37bd3"
            ],
            "index": "pypi",
            "markers": "python_version >= '3.6'",
            "version": "==1.0.0"
        },
        "py": {
            "hashes": [
                "sha256:51c75c4126074b472f746a24399ad32f6053d1b34b68d2fa41e558e6f4a98719",
                "sha256:607c53218732647dff4acdfcd50cb62615cedf612e72d1724fb1a0cc6405b378"
            ],
            "index": "pypi",
            "markers": "python_version >= '2.7' and python_version not in '3.0, 3.1, 3.2, 3.3, 3.4'",
            "version": "==1.11.0"
        },
        "py-algorand-sdk": {
            "hashes": [
                "sha256:2a029dbd0b20f23ea43c13c1113c224d6fa89d7280db9768520c7973dccb4e9c",
                "sha256:59c868b6c7426f356462fcfb063a237382b86a0e5e93fb6274c8723f5a3b6aa1"
            ],
            "index": "pypi",
            "markers": "python_version >= '3.5'",
            "version": "==1.10.0b1"
        },
        "pycparser": {
            "hashes": [
                "sha256:8ee45429555515e1f6b185e78100aea234072576aa43ab53aefcae078162fca9",
                "sha256:e644fdec12f7872f86c58ff790da456218b10f863970249516d60a5eaca77206"
            ],
            "index": "pypi",
            "version": "==2.21"
        },
        "pycryptodomex": {
            "hashes": [
                "sha256:08c809e9f4be8d4f9948cf4d5ebc7431bbd9e1c0cd5ff478d0d5229f1bc4ad50",
                "sha256:097095a7c24b9e7eec865417f620f78adf218162c03b68e4fde194bf87801a67",
                "sha256:0981e8071d2ee457d842821438f833e362eed9a25a445d54ad7610b24293118f",
                "sha256:1bd9d158afa33dca04748b23e7b9d4055f8c8015ace2e972a866519af02d5eed",
                "sha256:1f6c370abf11546b1c9b70062918d601ac8fb7ff113554601b43175eed7480ef",
                "sha256:2595b7be43b8b2da953ea3506a8d71c07fc9b479d5c118b0c44a5eca2a1664f6",
                "sha256:2d173a5db4e306cd32558b1a3ceb45bd2ebeb6596525fd5945963798b3851e3d",
                "sha256:33c06d6819a0204fac675d100f92aa472c704cd774a47171a5949c75c1040ed6",
                "sha256:3559da56e1045ad567e69fcc74245073fe1943b07b137bfd1073c7a540a89df7",
                "sha256:3bfa2936f8391bfaa17ed6a5c726e33acad56d7b47b8bf824b1908b16b140025",
                "sha256:4361881388817f89aa819a553e987200a6eb664df995632b063997dd373a7cee",
                "sha256:43af464dcac1ae53e6e14a0ae6f08373b538f3c49fb9e426423618571edfecff",
                "sha256:44097663c62b3aa03b5b403b816dedafa592984e8c6857a061ade41f32a2666e",
                "sha256:4cbaea8ab8bfa283e6219af39624d921f72f8174765a35416aab4d4b4dec370e",
                "sha256:5b0fd9fc81d43cd54dc8e4b2df8730ffd1e34f1f0679920deae16f6487aa1414",
                "sha256:676d9f4286f490612fa35ca8fe4b1fced8ff18e653abc1dda34fbf166129d6c2",
                "sha256:79ad48096ceb5c714fbc4dc82e3e6b37f095f627b1fef90d94d85e19a19d6611",
                "sha256:83379f1fd7b99c4993f5e905f2a6ddb9003996655151ea3c2ee77332ad009d08",
                "sha256:88dc997e3e9199a0d67b547fba36c6d1c54fca7d83c4bfe0d3f34f55a4717a2c",
                "sha256:8c5b97953130ff76500c6e8e159f2b881c737ebf00034006517b57f382d5317c",
                "sha256:922e9dac0166e4617e5c7980d2cff6912a6eb5cb5c13e7ece222438650bd7f66",
                "sha256:9c037aaf6affc8f7c4f6f9f6279aa57dd526734246fb5221a0fff3124f57e0b1",
                "sha256:a896b41c518269c1cceb582e298a868e6c74bb3cbfd362865ea686c78aebe91d",
                "sha256:b1a6f17c4ad896ed628663b021cd797b098c7e9537fd259958f6ffb3b8921081",
                "sha256:b5ddaee74e1f06af9c0765a147904dddacf4ca9707f8f079e14e2b14b4f5a544",
                "sha256:d55374ebc36de7a3217f2e2318886f0801dd5e486e21aba1fc4ca08e3b6637d7",
                "sha256:ddac6a092b97aa11d2a21aec33e941b4453ef774da3d98f2b7c1e01da05e6d5e",
                "sha256:de9832ac3c51484fe1757ca4303695423b16cfa54874dae9239bf41f50a2affa",
                "sha256:e42a82c63952ed70be3c13782c6984a519b514e6b10108a9647c7576b6c86650",
                "sha256:ea8e83bf4731a2369350d7771a1f2ef8d72ad3da70a37d86b1374be8c675abd0"
            ],
            "index": "pypi",
            "markers": "python_version >= '2.7' and python_version not in '3.0, 3.1, 3.2, 3.3, 3.4'",
            "version": "==3.12.0"
        },
        "pydantic": {
            "hashes": [
                "sha256:085ca1de245782e9b46cefcf99deecc67d418737a1fd3f6a4f511344b613a5b3",
                "sha256:086254884d10d3ba16da0588604ffdc5aab3f7f09557b998373e885c690dd398",
                "sha256:0b6037175234850ffd094ca77bf60fb54b08b5b22bc85865331dd3bda7a02fa1",
                "sha256:0fe476769acaa7fcddd17cadd172b156b53546ec3614a4d880e5d29ea5fbce65",
                "sha256:1d5278bd9f0eee04a44c712982343103bba63507480bfd2fc2790fa70cd64cf4",
                "sha256:2cc6a4cb8a118ffec2ca5fcb47afbacb4f16d0ab8b7350ddea5e8ef7bcc53a16",
                "sha256:2ee7e3209db1e468341ef41fe263eb655f67f5c5a76c924044314e139a1103a2",
                "sha256:3011b975c973819883842c5ab925a4e4298dffccf7782c55ec3580ed17dc464c",
                "sha256:3c3b035103bd4e2e4a28da9da7ef2fa47b00ee4a9cf4f1a735214c1bcd05e0f6",
                "sha256:4c68c3bc88dbda2a6805e9a142ce84782d3930f8fdd9655430d8576315ad97ce",
                "sha256:574936363cd4b9eed8acdd6b80d0143162f2eb654d96cb3a8ee91d3e64bf4cf9",
                "sha256:5a79330f8571faf71bf93667d3ee054609816f10a259a109a0738dac983b23c3",
                "sha256:5e48ef4a8b8c066c4a31409d91d7ca372a774d0212da2787c0d32f8045b1e034",
                "sha256:6c5b77947b9e85a54848343928b597b4f74fc364b70926b3c4441ff52620640c",
                "sha256:742645059757a56ecd886faf4ed2441b9c0cd406079c2b4bee51bcc3fbcd510a",
                "sha256:7bdfdadb5994b44bd5579cfa7c9b0e1b0e540c952d56f627eb227851cda9db77",
                "sha256:815ddebb2792efd4bba5488bc8fde09c29e8ca3227d27cf1c6990fc830fd292b",
                "sha256:8b5ac0f1c83d31b324e57a273da59197c83d1bb18171e512908fe5dc7278a1d6",
                "sha256:96f240bce182ca7fe045c76bcebfa0b0534a1bf402ed05914a6f1dadff91877f",
                "sha256:a733965f1a2b4090a5238d40d983dcd78f3ecea221c7af1497b845a9709c1721",
                "sha256:ab624700dc145aa809e6f3ec93fb8e7d0f99d9023b713f6a953637429b437d37",
                "sha256:b2571db88c636d862b35090ccf92bf24004393f85c8870a37f42d9f23d13e032",
                "sha256:bbbc94d0c94dd80b3340fc4f04fd4d701f4b038ebad72c39693c794fd3bc2d9d",
                "sha256:c0727bda6e38144d464daec31dff936a82917f431d9c39c39c60a26567eae3ed",
                "sha256:c556695b699f648c58373b542534308922c46a1cda06ea47bc9ca45ef5b39ae6",
                "sha256:c86229333cabaaa8c51cf971496f10318c4734cf7b641f08af0a6fbf17ca3054",
                "sha256:c8d7da6f1c1049eefb718d43d99ad73100c958a5367d30b9321b092771e96c25",
                "sha256:c8e9dcf1ac499679aceedac7e7ca6d8641f0193c591a2d090282aaf8e9445a46",
                "sha256:cb23bcc093697cdea2708baae4f9ba0e972960a835af22560f6ae4e7e47d33f5",
                "sha256:d1e4c28f30e767fd07f2ddc6f74f41f034d1dd6bc526cd59e63a82fe8bb9ef4c",
                "sha256:d9c9bdb3af48e242838f9f6e6127de9be7063aad17b32215ccc36a09c5cf1070",
                "sha256:dee5ef83a76ac31ab0c78c10bd7d5437bfdb6358c95b91f1ba7ff7b76f9996a1",
                "sha256:e0896200b6a40197405af18828da49f067c2fa1f821491bc8f5bde241ef3f7d7",
                "sha256:f5a64b64ddf4c99fe201ac2724daada8595ada0d102ab96d019c1555c2d6441d",
                "sha256:f947352c3434e8b937e3aa8f96f47bdfe6d92779e44bb3f41e4c213ba6a32145"
            ],
            "index": "pypi",
            "markers": "python_full_version >= '3.6.1'",
            "version": "==1.9.0"
        },
        "pynacl": {
            "hashes": [
                "sha256:06b8f6fa7f5de8d5d2f7573fe8c863c051225a27b61e6860fd047b1775807858",
                "sha256:0c84947a22519e013607c9be43706dd42513f9e6ae5d39d3613ca1e142fba44d",
                "sha256:20f42270d27e1b6a29f54032090b972d97f0a1b0948cc52392041ef7831fee93",
                "sha256:401002a4aaa07c9414132aaed7f6836ff98f59277a234704ff66878c2ee4a0d1",
                "sha256:52cb72a79269189d4e0dc537556f4740f7f0a9ec41c1322598799b0bdad4ef92",
                "sha256:61f642bf2378713e2c2e1de73444a3778e5f0a38be6fee0fe532fe30060282ff",
                "sha256:8ac7448f09ab85811607bdd21ec2464495ac8b7c66d146bf545b0f08fb9220ba",
                "sha256:a36d4a9dda1f19ce6e03c9a784a2921a4b726b02e1c736600ca9c22029474394",
                "sha256:a422368fc821589c228f4c49438a368831cb5bbc0eab5ebe1d7fac9dded6567b",
                "sha256:e46dae94e34b085175f8abb3b0aaa7da40767865ac82c928eeb9e57e1ea8a543"
            ],
            "index": "pypi",
            "markers": "python_version >= '3.6'",
            "version": "==1.5.0"
        },
        "pyparsing": {
            "hashes": [
                "sha256:04ff808a5b90911829c55c4e26f75fa5ca8a2f5f36aa3a51f68e27033341d3e4",
                "sha256:d9bdec0013ef1eb5a84ab39a3b3868911598afa494f5faa038647101504e2b81"
            ],
            "index": "pypi",
            "markers": "python_version >= '3.6'",
            "version": "==3.0.6"
        },
        "pyteal": {
            "hashes": [
                "sha256:29198b1e76121380430d9feaac4135c27b03b38e410b1c03f2c055feb9e533d6",
                "sha256:937440d9562a425d53e1d4a74c357443435d1e74a407d5f4f87143767b4d4588"
            ],
            "index": "pypi",
            "markers": "python_version >= '3.10'",
            "version": "==0.11.1"
        },
        "pytest": {
            "hashes": [
                "sha256:131b36680866a76e6781d13f101efb86cf674ebb9762eb70d3082b6f29889e89",
                "sha256:7310f8d27bc79ced999e760ca304d69f6ba6c6649c0b60fb0e04a4a77cacc134"
            ],
            "index": "pypi",
            "markers": "python_version >= '3.6'",
            "version": "==6.2.5"
        },
        "pytest-depends": {
            "hashes": [
                "sha256:90a28e2b87b75b18abd128c94015248544acac20e4392e9921e5a86f93319dfe",
                "sha256:a1df072bcc93d77aca3f0946903f5fed8af2d9b0056db1dfc9ed5ac164ab0642"
            ],
            "index": "pypi",
            "version": "==1.0.1"
        },
        "pytest-forked": {
            "hashes": [
                "sha256:8b67587c8f98cbbadfdd804539ed5455b6ed03802203485dd2f53c1422d7440e",
                "sha256:bbbb6717efc886b9d64537b41fb1497cfaf3c9601276be8da2cccfea5a3c8ad8"
            ],
            "index": "pypi",
            "markers": "python_version >= '3.6'",
            "version": "==1.4.0"
        },
        "pytest-xdist": {
            "hashes": [
                "sha256:4580deca3ff04ddb2ac53eba39d76cb5dd5edeac050cb6fbc768b0dd712b4edf",
                "sha256:6fe5c74fec98906deb8f2d2b616b5c782022744978e7bd4695d39c8f42d0ce65"
            ],
            "index": "pypi",
            "markers": "python_version >= '3.6'",
            "version": "==2.5.0"
        },
        "pyyaml": {
            "hashes": [
                "sha256:01179a4a8559ab5de078078f37e5c1a30d76bb88519906844fd7bdea1b7729ff",
                "sha256:0833f8694549e586547b576dcfaba4a6b55b9e96098b36cdc7ebefe667dfed48",
                "sha256:0a9a2848a5b7feac301353437eb7d5957887edbf81d56e903999a75a3d743086",
                "sha256:0b69e4ce7a131fe56b7e4d770c67429700908fc0752af059838b1cfb41960e4e",
                "sha256:0ffe8360bab4910ef1b9e87fb812d8bc0a308b0d0eef8c8f44e0254ab3b07133",
                "sha256:11d8f3dd2b9c1207dcaf2ee0bbbfd5991f571186ec9cc78427ba5bd32afae4b5",
                "sha256:17e311b6c678207928d649faa7cb0d7b4c26a0ba73d41e99c4fff6b6c3276484",
                "sha256:1e2120ef853f59c7419231f3bf4e7021f1b936f6ebd222406c3b60212205d2ee",
                "sha256:1f71ea527786de97d1a0cc0eacd1defc0985dcf6b3f17bb77dcfc8c34bec4dc5",
                "sha256:23502f431948090f597378482b4812b0caae32c22213aecf3b55325e049a6c68",
                "sha256:24471b829b3bf607e04e88d79542a9d48bb037c2267d7927a874e6c205ca7e9a",
                "sha256:29717114e51c84ddfba879543fb232a6ed60086602313ca38cce623c1d62cfbf",
                "sha256:2e99c6826ffa974fe6e27cdb5ed0021786b03fc98e5ee3c5bfe1fd5015f42b99",
                "sha256:39693e1f8320ae4f43943590b49779ffb98acb81f788220ea932a6b6c51004d8",
                "sha256:3ad2a3decf9aaba3d29c8f537ac4b243e36bef957511b4766cb0057d32b0be85",
                "sha256:3b1fdb9dc17f5a7677423d508ab4f243a726dea51fa5e70992e59a7411c89d19",
                "sha256:41e4e3953a79407c794916fa277a82531dd93aad34e29c2a514c2c0c5fe971cc",
                "sha256:43fa96a3ca0d6b1812e01ced1044a003533c47f6ee8aca31724f78e93ccc089a",
                "sha256:50187695423ffe49e2deacb8cd10510bc361faac997de9efef88badc3bb9e2d1",
                "sha256:5ac9328ec4831237bec75defaf839f7d4564be1e6b25ac710bd1a96321cc8317",
                "sha256:5d225db5a45f21e78dd9358e58a98702a0302f2659a3c6cd320564b75b86f47c",
                "sha256:6395c297d42274772abc367baaa79683958044e5d3835486c16da75d2a694631",
                "sha256:688ba32a1cffef67fd2e9398a2efebaea461578b0923624778664cc1c914db5d",
                "sha256:68ccc6023a3400877818152ad9a1033e3db8625d899c72eacb5a668902e4d652",
                "sha256:70b189594dbe54f75ab3a1acec5f1e3faa7e8cf2f1e08d9b561cb41b845f69d5",
                "sha256:797b4f722ffa07cc8d62053e4cff1486fa6dc094105d13fea7b1de7d8bf71c9e",
                "sha256:7c36280e6fb8385e520936c3cb3b8042851904eba0e58d277dca80a5cfed590b",
                "sha256:7e7401d0de89a9a855c839bc697c079a4af81cf878373abd7dc625847d25cbd8",
                "sha256:80bab7bfc629882493af4aa31a4cfa43a4c57c83813253626916b8c7ada83476",
                "sha256:82d09873e40955485746739bcb8b4586983670466c23382c19cffecbf1fd8706",
                "sha256:8388ee1976c416731879ac16da0aff3f63b286ffdd57cdeb95f3f2e085687563",
                "sha256:8824b5a04a04a047e72eea5cec3bc266db09e35de6bdfe34c9436ac5ee27d237",
                "sha256:8b9c7197f7cb2738065c481a0461e50ad02f18c78cd75775628afb4d7137fb3b",
                "sha256:9056c1ecd25795207ad294bcf39f2db3d845767be0ea6e6a34d856f006006083",
                "sha256:936d68689298c36b53b29f23c6dbb74de12b4ac12ca6cfe0e047bedceea56180",
                "sha256:9b22676e8097e9e22e36d6b7bda33190d0d400f345f23d4065d48f4ca7ae0425",
                "sha256:a4d3091415f010369ae4ed1fc6b79def9416358877534caf6a0fdd2146c87a3e",
                "sha256:a8786accb172bd8afb8be14490a16625cbc387036876ab6ba70912730faf8e1f",
                "sha256:a9f8c2e67970f13b16084e04f134610fd1d374bf477b17ec1599185cf611d725",
                "sha256:bc2fa7c6b47d6bc618dd7fb02ef6fdedb1090ec036abab80d4681424b84c1183",
                "sha256:c70c95198c015b85feafc136515252a261a84561b7b1d51e3384e0655ddf25ab",
                "sha256:cc1c1159b3d456576af7a3e4d1ba7e6924cb39de8f67111c735f6fc832082774",
                "sha256:ce826d6ef20b1bc864f0a68340c8b3287705cae2f8b4b1d932177dcc76721725",
                "sha256:d584d9ec91ad65861cc08d42e834324ef890a082e591037abe114850ff7bbc3e",
                "sha256:d7fded462629cfa4b685c5416b949ebad6cec74af5e2d42905d41e257e0869f5",
                "sha256:d84a1718ee396f54f3a086ea0a66d8e552b2ab2017ef8b420e92edbc841c352d",
                "sha256:d8e03406cac8513435335dbab54c0d385e4a49e4945d2909a581c83647ca0290",
                "sha256:e10ce637b18caea04431ce14fabcf5c64a1c61ec9c56b071a4b7ca131ca52d44",
                "sha256:ec031d5d2feb36d1d1a24380e4db6d43695f3748343d99434e6f5f9156aaa2ed",
                "sha256:ef6107725bd54b262d6dedcc2af448a266975032bc85ef0172c5f059da6325b4",
                "sha256:efdca5630322a10774e8e98e1af481aad470dd62c3170801852d752aa7a783ba",
                "sha256:f753120cb8181e736c57ef7636e83f31b9c0d1722c516f7e86cf15b7aa57ff12",
                "sha256:ff3824dc5261f50c9b0dfb3be22b4567a6f938ccce4587b38952d85fd9e9afe4"
            ],
            "index": "pypi",
            "markers": "python_version >= '3.8'",
            "version": "==6.0.2"
        },
        "six": {
            "hashes": [
                "sha256:1e61c37477a1626458e36f7b1d82aa5c9b094fa4802892072e49de9c60c4c926",
                "sha256:8abb2f1d86890a2dfb989f9a77cfcfd3e47c2a354b01111771326f8aa26e0254"
            ],
            "markers": "python_version >= '2.7' and python_version not in '3.0, 3.1, 3.2, 3.3'",
            "version": "==1.16.0"
        },
        "toml": {
            "hashes": [
                "sha256:806143ae5bfb6a3c6e736a764057db0e6a0e05e338b5630894a5f779cabb4f9b",
                "sha256:b3bda1d108d5dd99f4a20d24d9c348e91c4db7ab1b749200bded2f839ccbe68f"
            ],
            "index": "pypi",
            "markers": "python_version >= '2.6' and python_version not in '3.0, 3.1, 3.2, 3.3'",
            "version": "==0.10.2"
        },
        "toolz": {
            "hashes": [
                "sha256:d22731364c07d72eea0a0ad45bafb2c2937ab6fd38a3507bf55eae8744aa7d85",
                "sha256:ecca342664893f177a13dac0e6b41cbd8ac25a358e5f215316d43e2100224f4d"
            ],
            "markers": "python_version >= '3.7'",
            "version": "==0.12.1"
        },
        "typing-extensions": {
            "hashes": [
                "sha256:4ca091dea149f945ec56afb48dae714f21e8692ef22a395223bcd328961b6a0e",
                "sha256:7f001e5ac290a0c0401508864c7ec868be4e701886d5b573a9528ed3973d9d3b"
            ],
            "index": "pypi",
            "markers": "python_version >= '3.6'",
            "version": "==4.0.1"
        },
        "uvarint": {
            "hashes": [
                "sha256:7cc17481c9af8ebe3978f5357412b57ff93ce8b14712236338f782cc8ae9a989",
                "sha256:9dcc98ad92b642c57494bed9370c4f93479d2d36223b2c3702823f0aa8b1a9a3"
            ],
            "index": "pypi",
            "markers": "python_version >= '3.6'",
            "version": "==1.2.0"
        }
    },
    "develop": {}
}
